{
  "name": "exile-diary-poe-data-extractor",
  "version": "1.0.0",
  "lockfileVersion": 3,
  "requires": true,
  "packages": {
    "": {
      "name": "exile-diary-poe-data-extractor",
      "version": "1.0.0",
      "license": "MIT",
      "dependencies": {
        "case": "^1.6.3",
        "pathofexile-dat": "^14.0.3"
      },
      "devDependencies": {
        "prettier": "^2.8.8"
      }
    },
    "node_modules/case": {
      "version": "1.6.3",
      "resolved": "https://registry.npmjs.org/case/-/case-1.6.3.tgz",
      "integrity": "sha512-mzDSXIPaFwVDvZAHqZ9VlbyF4yyXRuX6IvB06WvPYkqJVO24kX1PPhv9bfpKNFZyxYFmmgo03HUiD8iklmJYRQ==",
      "engines": {
        "node": ">= 0.8.0"
      }
    },
    "node_modules/ooz-wasm": {
      "version": "2.0.0",
      "resolved": "https://registry.npmjs.org/ooz-wasm/-/ooz-wasm-2.0.0.tgz",
      "integrity": "sha512-Ewk+Vga2m9niFGV5qT+4EKfBnFEQSQfnTdOWSlnQcpDB2OAdk7TpRHfKqxLSLhDKRjKjw9R+sGlOreWW8ABR0A=="
    },
    "node_modules/pathofexile-dat": {
      "version": "14.0.3",
      "resolved": "https://registry.npmjs.org/pathofexile-dat/-/pathofexile-dat-14.0.3.tgz",
      "integrity": "sha512-7c131GQqmvwhC7dYnpI2dyKjgvUPxPAnDj+I18daJGBhrv2Y0dWMiZE5UFg6Ucaz1oCp75L1SbkRiuj7FF1QKQ==",
      "dependencies": {
        "ooz-wasm": "^2.0.0",
        "pathofexile-dat-schema": "^8.0.0"
      },
      "bin": {
        "pathofexile-dat": "dist/cli/run.js"
      },
      "engines": {
        "node": ">=18.0.0"
      }
    },
    "node_modules/pathofexile-dat-schema": {
      "version": "8.0.0",
      "resolved": "https://registry.npmjs.org/pathofexile-dat-schema/-/pathofexile-dat-schema-8.0.0.tgz",
      "integrity": "sha512-sn/8cJHbDCM6HjLMk9LnWXXS5Nbl2YqzqZslbooC7ankKbnr0tBwfl8AxM5fI+IzX49zNnKGuqpFvQQ2UMFuig=="
    },
    "node_modules/prettier": {
      "version": "2.8.8",
      "resolved": "https://registry.npmjs.org/prettier/-/prettier-2.8.8.tgz",
      "integrity": "sha512-tdN8qQGvNjw4CHbY+XXk0JgCXn9QiF21a55rBe5LJAU+kDyC4WQn4+awm2Xfk2lQMk5fKup9XgzTZtGkjBdP9Q==",
      "dev": true,
      "bin": {
        "prettier": "bin-prettier.js"
      },
      "engines": {
        "node": ">=10.13.0"
      },
      "funding": {
        "url": "https://github.com/prettier/prettier?sponsor=1"
      }
    }
  }
}
